
Microsoft Visual Studio Solution File, Format Version 12.00
# Visual Studio 15
VisualStudioVersion = 15.0.27130.2026
MinimumVisualStudioVersion = 10.0.40219.1
Project("{FAE04EC0-301F-11D3-BF4B-00C04F79EFBC}") = "RazorPageApp", "RazorPageApp\RazorPageApp.csproj", "{6C03A244-3D06-457E-A730-34F8EAAD0451}"
EndProject
Project("{2150E333-8FDC-42A3-9474-1A3956D46DE8}") = "Solution Items", "Solution Items", "{66C17B12-61D2-4CCE-B021-BE03A2406E70}"
	ProjectSection(SolutionItems) = preProject
		LICENSE = LICENSE
		README.md = README.md
	EndProjectSection
EndProject
Global
	GlobalSection(SolutionConfigurationPlatforms) = preSolution
		Debug|Any CPU = Debug|Any CPU
		Release|Any CPU = Release|Any CPU
	EndGlobalSection
	GlobalSection(ProjectConfigurationPlatforms) = postSolution
		{6C03A244-3D06-457E-A730-34F8EAAD0451}.Debug|Any CPU.ActiveCfg = Debug|Any CPU
		{6C03A244-3D06-457E-A730-34F8EAAD0451}.Debug|Any CPU.Build.0 = Debug|Any CPU
		{6C03A244-3D06-457E-A730-34F8EAAD0451}.Release|Any CPU.ActiveCfg = Release|Any CPU
		{6C03A244-3D06-457E-A730-34F8EAAD0451}.Release|Any CPU.Build.0 = Release|Any CPU
	EndGlobalSection
	GlobalSection(SolutionProperties) = preSolution
		HideSolutionNode = FALSE
	EndGlobalSection
	GlobalSection(ExtensibilityGlobals) = postSolution
		SolutionGuid = {9A011C26-442A-4598-A3BD-CBF378797AD0}
	EndGlobalSection
EndGlobal
