
Microsoft Visual Studio Solution File, Format Version 12.00
# Visual Studio 15
VisualStudioVersion = 15.0.27130.2026
MinimumVisualStudioVersion = 10.0.40219.1
Project("{9A19103F-16F7-4668-BE54-9A1E7A4F7556}") = "RazorPageApp", "RazorPageApp\RazorPageApp.csproj", "{6C03A244-3D06-457E-A730-34F8EAAD0451}"
EndProject
Project("{2150E333-8FDC-42A3-9474-1A3956D46DE8}") = "Solution Items", "Solution Items", "{66C17B12-61D2-4CCE-B021-BE03A2406E70}"
	ProjectSection(SolutionItems) = preProject
		LICENSE = LICENSE
		README.md = README.md
	EndProjectSection
EndProject
Project("{9A19103F-16F7-4668-BE54-9A1E7A4F7556}") = "DataLayer", "DataLayer\DataLayer.csproj", "{272949B3-4A1F-4A98-9E24-DAED1F115AB5}"
EndProject
Project("{9A19103F-16F7-4668-BE54-9A1E7A4F7556}") = "ServiceLayer", "ServiceLayer\ServiceLayer.csproj", "{0B6C08D4-D744-4E46-AFA0-692E35885BA3}"
EndProject
Project("{9A19103F-16F7-4668-BE54-9A1E7A4F7556}") = "Tests", "Tests\Tests.csproj", "{6D3D7458-6669-4348-91D5-54E78D50CB13}"
EndProject
Project("{9A19103F-16F7-4668-BE54-9A1E7A4F7556}") = "GenericServices", "GenericServices\GenericServices.csproj", "{763A722A-0F95-43C8-B491-752BADB202EE}"
EndProject
Global
	GlobalSection(SolutionConfigurationPlatforms) = preSolution
		Debug|Any CPU = Debug|Any CPU
		Release|Any CPU = Release|Any CPU
	EndGlobalSection
	GlobalSection(ProjectConfigurationPlatforms) = postSolution
		{6C03A244-3D06-457E-A730-34F8EAAD0451}.Debug|Any CPU.ActiveCfg = Debug|Any CPU
		{6C03A244-3D06-457E-A730-34F8EAAD0451}.Debug|Any CPU.Build.0 = Debug|Any CPU
		{6C03A244-3D06-457E-A730-34F8EAAD0451}.Release|Any CPU.ActiveCfg = Release|Any CPU
		{6C03A244-3D06-457E-A730-34F8EAAD0451}.Release|Any CPU.Build.0 = Release|Any CPU
		{272949B3-4A1F-4A98-9E24-DAED1F115AB5}.Debug|Any CPU.ActiveCfg = Debug|Any CPU
		{272949B3-4A1F-4A98-9E24-DAED1F115AB5}.Debug|Any CPU.Build.0 = Debug|Any CPU
		{272949B3-4A1F-4A98-9E24-DAED1F115AB5}.Release|Any CPU.ActiveCfg = Release|Any CPU
		{272949B3-4A1F-4A98-9E24-DAED1F115AB5}.Release|Any CPU.Build.0 = Release|Any CPU
		{0B6C08D4-D744-4E46-AFA0-692E35885BA3}.Debug|Any CPU.ActiveCfg = Debug|Any CPU
		{0B6C08D4-D744-4E46-AFA0-692E35885BA3}.Debug|Any CPU.Build.0 = Debug|Any CPU
		{0B6C08D4-D744-4E46-AFA0-692E35885BA3}.Release|Any CPU.ActiveCfg = Release|Any CPU
		{0B6C08D4-D744-4E46-AFA0-692E35885BA3}.Release|Any CPU.Build.0 = Release|Any CPU
		{6D3D7458-6669-4348-91D5-54E78D50CB13}.Debug|Any CPU.ActiveCfg = Debug|Any CPU
		{6D3D7458-6669-4348-91D5-54E78D50CB13}.Debug|Any CPU.Build.0 = Debug|Any CPU
		{6D3D7458-6669-4348-91D5-54E78D50CB13}.Release|Any CPU.ActiveCfg = Release|Any CPU
		{6D3D7458-6669-4348-91D5-54E78D50CB13}.Release|Any CPU.Build.0 = Release|Any CPU
		{763A722A-0F95-43C8-B491-752BADB202EE}.Debug|Any CPU.ActiveCfg = Debug|Any CPU
		{763A722A-0F95-43C8-B491-752BADB202EE}.Debug|Any CPU.Build.0 = Debug|Any CPU
		{763A722A-0F95-43C8-B491-752BADB202EE}.Release|Any CPU.ActiveCfg = Release|Any CPU
		{763A722A-0F95-43C8-B491-752BADB202EE}.Release|Any CPU.Build.0 = Release|Any CPU
	EndGlobalSection
	GlobalSection(SolutionProperties) = preSolution
		HideSolutionNode = FALSE
	EndGlobalSection
	GlobalSection(ExtensibilityGlobals) = postSolution
		SolutionGuid = {9A011C26-442A-4598-A3BD-CBF378797AD0}
	EndGlobalSection
EndGlobal
